
Microsoft Visual Studio Solution File, Format Version 12.00
# Visual Studio 15
VisualStudioVersion = 15.0.28010.2003
MinimumVisualStudioVersion = 10.0.40219.1
Project("{FAE04EC0-301F-11D3-BF4B-00C04F79EFBC}") = "IdentityServer4AspNetCoreAngularClient", "IdentityServer4AspNetCoreAngularClient\IdentityServer4AspNetCoreAngularClient.csproj", "{D93D7E7C-1AFF-43CF-A7EE-06F4256B2DD4}"
EndProject
Global
	GlobalSection(SolutionConfigurationPlatforms) = preSolution
		Debug|Any CPU = Debug|Any CPU
		Release|Any CPU = Release|Any CPU
	EndGlobalSection
	GlobalSection(ProjectConfigurationPlatforms) = postSolution
		{D93D7E7C-1AFF-43CF-A7EE-06F4256B2DD4}.Debug|Any CPU.ActiveCfg = Debug|Any CPU
		{D93D7E7C-1AFF-43CF-A7EE-06F4256B2DD4}.Debug|Any CPU.Build.0 = Debug|Any CPU
		{D93D7E7C-1AFF-43CF-A7EE-06F4256B2DD4}.Release|Any CPU.ActiveCfg = Release|Any CPU
		{D93D7E7C-1AFF-43CF-A7EE-06F4256B2DD4}.Release|Any CPU.Build.0 = Release|Any CPU
	EndGlobalSection
	GlobalSection(SolutionProperties) = preSolution
		HideSolutionNode = FALSE
	EndGlobalSection
	GlobalSection(ExtensibilityGlobals) = postSolution
		SolutionGuid = {291B735A-F8F5-4811-8627-71D917F5336D}
	EndGlobalSection
EndGlobal
